
Microsoft Visual Studio Solution File, Format Version 11.00
# Visual C# Express 2010
Project("{FAE04EC0-301F-11D3-BF4B-00C04F79EFBC}") = "Raspberry", "Raspberry\Raspberry.csproj", "{CB6A4236-5731-47FD-B160-72C34D28F890}"
EndProject
Global
	GlobalSection(SolutionConfigurationPlatforms) = preSolution
		Debug|x86 = Debug|x86
		Release|x86 = Release|x86
	EndGlobalSection
	GlobalSection(ProjectConfigurationPlatforms) = postSolution
		{CB6A4236-5731-47FD-B160-72C34D28F890}.Debug|x86.ActiveCfg = Debug|x86
		{CB6A4236-5731-47FD-B160-72C34D28F890}.Debug|x86.Build.0 = Debug|x86
		{CB6A4236-5731-47FD-B160-72C34D28F890}.Release|x86.ActiveCfg = Release|x86
		{CB6A4236-5731-47FD-B160-72C34D28F890}.Release|x86.Build.0 = Release|x86
	EndGlobalSection
	GlobalSection(SolutionProperties) = preSolution
		HideSolutionNode = FALSE
	EndGlobalSection
EndGlobal
